
Microsoft Visual Studio Solution File, Format Version 12.00
# Visual Studio Version 17
VisualStudioVersion = 17.0.32112.339
MinimumVisualStudioVersion = 10.0.40219.1
Project("{2150E333-8FDC-42A3-9474-1A3956D46DE8}") = "Tests", "Tests", "{8BC9BCE4-5CF6-4713-A22E-5D3249022CE1}"
EndProject
Project("{2150E333-8FDC-42A3-9474-1A3956D46DE8}") = "Src", "Src", "{2E101591-AF0A-4442-BE43-12DF0DC6ED17}"
EndProject
Project("{FAE04EC0-301F-11D3-BF4B-00C04F79EFBC}") = "Our.Shield.BackofficeAccess", "Our.Shield.BackofficeAccess\Our.Shield.BackofficeAccess.csproj", "{58FDCE32-1389-4768-882E-281CEEC508CD}"
EndProject
Project("{FAE04EC0-301F-11D3-BF4B-00C04F79EFBC}") = "Our.Shield.Core", "Our.Shield.Core\Our.Shield.Core.csproj", "{69737067-AB31-4C68-9C69-5E6CE00D1AB3}"
EndProject
Project("{FAE04EC0-301F-11D3-BF4B-00C04F79EFBC}") = "Our.Shield.MediaProtection", "Our.Shield.MediaProtection\Our.Shield.MediaProtection.csproj", "{3C5EDA13-8468-4386-8F74-3D5678695ABE}"
EndProject
Project("{2150E333-8FDC-42A3-9474-1A3956D46DE8}") = "Database", "Database", "{813573E6-BF49-42E0-9E56-6C5EF4431D40}"
	ProjectSection(SolutionItems) = preProject
		..\database\DropShieldTables_RemoveMigration.sql = ..\database\DropShieldTables_RemoveMigration.sql
	EndProjectSection
EndProject
Project("{FAE04EC0-301F-11D3-BF4B-00C04F79EFBC}") = "Our.Shield.FrontendAccess", "Our.Shield.FrontendAccess\Our.Shield.FrontendAccess.csproj", "{CE78DDD4-F1C4-429C-9D76-2060EEEC2042}"
EndProject
Project("{2150E333-8FDC-42A3-9474-1A3956D46DE8}") = "Bunder And Minifier", "Bunder And Minifier", "{88FEA8A3-7B68-4E5B-8053-AFC671E23E08}"
	ProjectSection(SolutionItems) = preProject
		..\bundleconfig.json = ..\bundleconfig.json
		..\bundleconfig.json.bindings = ..\bundleconfig.json.bindings
	EndProjectSection
EndProject
Project("{FAE04EC0-301F-11D3-BF4B-00C04F79EFBC}") = "Our.Shield.Swagger", "Our.Shield.Swagger\Our.Shield.Swagger.csproj", "{EA5E50CF-3C82-4D89-98DC-04145A692811}"
EndProject
Project("{FAE04EC0-301F-11D3-BF4B-00C04F79EFBC}") = "Our.Shield.Swagger.Test", "Our.Shield.Swagger.Test\Our.Shield.Swagger.Test.csproj", "{003C0426-DE7C-483A-BA15-4D04D02C05B8}"
EndProject
Project("{2150E333-8FDC-42A3-9474-1A3956D46DE8}") = "Apps", "Apps", "{EBDF2C05-BE0C-4BCE-B1A2-7B4C307E5BD6}"
EndProject
Project("{FAE04EC0-301F-11D3-BF4B-00C04F79EFBC}") = "Our.Shield.Core.UI", "Our.Shield.Core.UI\Our.Shield.Core.UI.csproj", "{E91C5164-2855-4532-80BB-304F05EF1D52}"
EndProject
Project("{FAE04EC0-301F-11D3-BF4B-00C04F79EFBC}") = "Our.Shield.UI", "Our.Shield.UI\Our.Shield.UI.csproj", "{5B1AF195-394D-4985-9C50-4018EA5E22BC}"
EndProject
Project("{FAE04EC0-301F-11D3-BF4B-00C04F79EFBC}") = "Our.Shield.Core.Tests", "Our.Shield.Core.Tests\Our.Shield.Core.Tests.csproj", "{B045A6F9-37C1-4003-84C8-9FBC1AA937CE}"
EndProject
Project("{FAE04EC0-301F-11D3-BF4B-00C04F79EFBC}") = "Our.Shield.Shared", "Our.Shield.Shared\Our.Shield.Shared.csproj", "{C3E0DFD3-A730-4388-BE45-53AC5B878E18}"
EndProject
Project("{FAE04EC0-301F-11D3-BF4B-00C04F79EFBC}") = "Our.Shield.Shared.Tests", "Our.Shield.Shared.Tests\Our.Shield.Shared.Tests.csproj", "{710DC07B-C6EF-4E6D-9760-9497E106EB7B}"
EndProject
Project("{2150E333-8FDC-42A3-9474-1A3956D46DE8}") = "Apps", "Apps", "{3FF5123D-64E0-4588-BF2D-5D6FFE0C32BC}"
EndProject
Project("{FAE04EC0-301F-11D3-BF4B-00C04F79EFBC}") = "Our.Shield.BackofficeAccess.Tests", "Our.Shield.BackofficeAccess.Tests\Our.Shield.BackofficeAccess.Tests.csproj", "{77F7708F-CBA9-4A73-90A3-5F10D5F65EDC}"
EndProject
Project("{FAE04EC0-301F-11D3-BF4B-00C04F79EFBC}") = "Our.Shield.FrontendAccess.Tests", "Our.Shield.FrontendAccess.Tests\Our.Shield.FrontendAccess.Tests.csproj", "{6CB8586D-556D-40D2-9698-7B76DD1803A3}"
EndProject
Project("{FAE04EC0-301F-11D3-BF4B-00C04F79EFBC}") = "Our.Shield.MediaProtection.Tests", "Our.Shield.MediaProtection.Tests\Our.Shield.MediaProtection.Tests.csproj", "{CD91B3FF-1947-4514-BB1A-02828A0AB13D}"
EndProject
Project("{FAE04EC0-301F-11D3-BF4B-00C04F79EFBC}") = "Our.Shield.Swagger.Tests", "Our.Shield.Swagger.Tests\Our.Shield.Swagger.Tests.csproj", "{0CAE77A5-CF49-47EE-B9C5-823B67AD60F6}"
EndProject
Global
	GlobalSection(SolutionConfigurationPlatforms) = preSolution
		Debug|Any CPU = Debug|Any CPU
		Release|Any CPU = Release|Any CPU
	EndGlobalSection
	GlobalSection(ProjectConfigurationPlatforms) = postSolution
		{58FDCE32-1389-4768-882E-281CEEC508CD}.Debug|Any CPU.ActiveCfg = Debug|Any CPU
		{58FDCE32-1389-4768-882E-281CEEC508CD}.Debug|Any CPU.Build.0 = Debug|Any CPU
		{58FDCE32-1389-4768-882E-281CEEC508CD}.Release|Any CPU.ActiveCfg = Release|Any CPU
		{58FDCE32-1389-4768-882E-281CEEC508CD}.Release|Any CPU.Build.0 = Release|Any CPU
		{69737067-AB31-4C68-9C69-5E6CE00D1AB3}.Debug|Any CPU.ActiveCfg = Debug|Any CPU
		{69737067-AB31-4C68-9C69-5E6CE00D1AB3}.Debug|Any CPU.Build.0 = Debug|Any CPU
		{69737067-AB31-4C68-9C69-5E6CE00D1AB3}.Release|Any CPU.ActiveCfg = Release|Any CPU
		{69737067-AB31-4C68-9C69-5E6CE00D1AB3}.Release|Any CPU.Build.0 = Release|Any CPU
		{3C5EDA13-8468-4386-8F74-3D5678695ABE}.Debug|Any CPU.ActiveCfg = Debug|Any CPU
		{3C5EDA13-8468-4386-8F74-3D5678695ABE}.Debug|Any CPU.Build.0 = Debug|Any CPU
		{3C5EDA13-8468-4386-8F74-3D5678695ABE}.Release|Any CPU.ActiveCfg = Release|Any CPU
		{3C5EDA13-8468-4386-8F74-3D5678695ABE}.Release|Any CPU.Build.0 = Release|Any CPU
		{CE78DDD4-F1C4-429C-9D76-2060EEEC2042}.Debug|Any CPU.ActiveCfg = Debug|Any CPU
		{CE78DDD4-F1C4-429C-9D76-2060EEEC2042}.Debug|Any CPU.Build.0 = Debug|Any CPU
		{CE78DDD4-F1C4-429C-9D76-2060EEEC2042}.Release|Any CPU.ActiveCfg = Release|Any CPU
		{CE78DDD4-F1C4-429C-9D76-2060EEEC2042}.Release|Any CPU.Build.0 = Release|Any CPU
		{EA5E50CF-3C82-4D89-98DC-04145A692811}.Debug|Any CPU.ActiveCfg = Debug|Any CPU
		{EA5E50CF-3C82-4D89-98DC-04145A692811}.Debug|Any CPU.Build.0 = Debug|Any CPU
		{EA5E50CF-3C82-4D89-98DC-04145A692811}.Release|Any CPU.ActiveCfg = Release|Any CPU
		{EA5E50CF-3C82-4D89-98DC-04145A692811}.Release|Any CPU.Build.0 = Release|Any CPU
		{003C0426-DE7C-483A-BA15-4D04D02C05B8}.Debug|Any CPU.ActiveCfg = Debug|Any CPU
		{003C0426-DE7C-483A-BA15-4D04D02C05B8}.Debug|Any CPU.Build.0 = Debug|Any CPU
		{003C0426-DE7C-483A-BA15-4D04D02C05B8}.Release|Any CPU.ActiveCfg = Release|Any CPU
		{003C0426-DE7C-483A-BA15-4D04D02C05B8}.Release|Any CPU.Build.0 = Release|Any CPU
		{E91C5164-2855-4532-80BB-304F05EF1D52}.Debug|Any CPU.ActiveCfg = Debug|Any CPU
		{E91C5164-2855-4532-80BB-304F05EF1D52}.Debug|Any CPU.Build.0 = Debug|Any CPU
		{E91C5164-2855-4532-80BB-304F05EF1D52}.Release|Any CPU.ActiveCfg = Release|Any CPU
		{E91C5164-2855-4532-80BB-304F05EF1D52}.Release|Any CPU.Build.0 = Release|Any CPU
		{5B1AF195-394D-4985-9C50-4018EA5E22BC}.Debug|Any CPU.ActiveCfg = Debug|Any CPU
		{5B1AF195-394D-4985-9C50-4018EA5E22BC}.Debug|Any CPU.Build.0 = Debug|Any CPU
		{5B1AF195-394D-4985-9C50-4018EA5E22BC}.Release|Any CPU.ActiveCfg = Release|Any CPU
		{5B1AF195-394D-4985-9C50-4018EA5E22BC}.Release|Any CPU.Build.0 = Release|Any CPU
		{B045A6F9-37C1-4003-84C8-9FBC1AA937CE}.Debug|Any CPU.ActiveCfg = Debug|Any CPU
		{B045A6F9-37C1-4003-84C8-9FBC1AA937CE}.Debug|Any CPU.Build.0 = Debug|Any CPU
		{B045A6F9-37C1-4003-84C8-9FBC1AA937CE}.Release|Any CPU.ActiveCfg = Release|Any CPU
		{B045A6F9-37C1-4003-84C8-9FBC1AA937CE}.Release|Any CPU.Build.0 = Release|Any CPU
		{C3E0DFD3-A730-4388-BE45-53AC5B878E18}.Debug|Any CPU.ActiveCfg = Debug|Any CPU
		{C3E0DFD3-A730-4388-BE45-53AC5B878E18}.Debug|Any CPU.Build.0 = Debug|Any CPU
		{C3E0DFD3-A730-4388-BE45-53AC5B878E18}.Release|Any CPU.ActiveCfg = Release|Any CPU
		{C3E0DFD3-A730-4388-BE45-53AC5B878E18}.Release|Any CPU.Build.0 = Release|Any CPU
		{710DC07B-C6EF-4E6D-9760-9497E106EB7B}.Debug|Any CPU.ActiveCfg = Debug|Any CPU
		{710DC07B-C6EF-4E6D-9760-9497E106EB7B}.Debug|Any CPU.Build.0 = Debug|Any CPU
		{710DC07B-C6EF-4E6D-9760-9497E106EB7B}.Release|Any CPU.ActiveCfg = Release|Any CPU
		{710DC07B-C6EF-4E6D-9760-9497E106EB7B}.Release|Any CPU.Build.0 = Release|Any CPU
		{77F7708F-CBA9-4A73-90A3-5F10D5F65EDC}.Debug|Any CPU.ActiveCfg = Debug|Any CPU
		{77F7708F-CBA9-4A73-90A3-5F10D5F65EDC}.Debug|Any CPU.Build.0 = Debug|Any CPU
		{77F7708F-CBA9-4A73-90A3-5F10D5F65EDC}.Release|Any CPU.ActiveCfg = Release|Any CPU
		{77F7708F-CBA9-4A73-90A3-5F10D5F65EDC}.Release|Any CPU.Build.0 = Release|Any CPU
		{6CB8586D-556D-40D2-9698-7B76DD1803A3}.Debug|Any CPU.ActiveCfg = Debug|Any CPU
		{6CB8586D-556D-40D2-9698-7B76DD1803A3}.Debug|Any CPU.Build.0 = Debug|Any CPU
		{6CB8586D-556D-40D2-9698-7B76DD1803A3}.Release|Any CPU.ActiveCfg = Release|Any CPU
		{6CB8586D-556D-40D2-9698-7B76DD1803A3}.Release|Any CPU.Build.0 = Release|Any CPU
		{CD91B3FF-1947-4514-BB1A-02828A0AB13D}.Debug|Any CPU.ActiveCfg = Debug|Any CPU
		{CD91B3FF-1947-4514-BB1A-02828A0AB13D}.Debug|Any CPU.Build.0 = Debug|Any CPU
		{CD91B3FF-1947-4514-BB1A-02828A0AB13D}.Release|Any CPU.ActiveCfg = Release|Any CPU
		{CD91B3FF-1947-4514-BB1A-02828A0AB13D}.Release|Any CPU.Build.0 = Release|Any CPU
		{0CAE77A5-CF49-47EE-B9C5-823B67AD60F6}.Debug|Any CPU.ActiveCfg = Debug|Any CPU
		{0CAE77A5-CF49-47EE-B9C5-823B67AD60F6}.Debug|Any CPU.Build.0 = Debug|Any CPU
		{0CAE77A5-CF49-47EE-B9C5-823B67AD60F6}.Release|Any CPU.ActiveCfg = Release|Any CPU
		{0CAE77A5-CF49-47EE-B9C5-823B67AD60F6}.Release|Any CPU.Build.0 = Release|Any CPU
	EndGlobalSection
	GlobalSection(SolutionProperties) = preSolution
		HideSolutionNode = FALSE
	EndGlobalSection
	GlobalSection(NestedProjects) = preSolution
		{58FDCE32-1389-4768-882E-281CEEC508CD} = {EBDF2C05-BE0C-4BCE-B1A2-7B4C307E5BD6}
		{69737067-AB31-4C68-9C69-5E6CE00D1AB3} = {2E101591-AF0A-4442-BE43-12DF0DC6ED17}
		{3C5EDA13-8468-4386-8F74-3D5678695ABE} = {EBDF2C05-BE0C-4BCE-B1A2-7B4C307E5BD6}
		{CE78DDD4-F1C4-429C-9D76-2060EEEC2042} = {EBDF2C05-BE0C-4BCE-B1A2-7B4C307E5BD6}
		{EA5E50CF-3C82-4D89-98DC-04145A692811} = {EBDF2C05-BE0C-4BCE-B1A2-7B4C307E5BD6}
		{003C0426-DE7C-483A-BA15-4D04D02C05B8} = {8BC9BCE4-5CF6-4713-A22E-5D3249022CE1}
		{EBDF2C05-BE0C-4BCE-B1A2-7B4C307E5BD6} = {2E101591-AF0A-4442-BE43-12DF0DC6ED17}
		{E91C5164-2855-4532-80BB-304F05EF1D52} = {2E101591-AF0A-4442-BE43-12DF0DC6ED17}
		{5B1AF195-394D-4985-9C50-4018EA5E22BC} = {8BC9BCE4-5CF6-4713-A22E-5D3249022CE1}
		{B045A6F9-37C1-4003-84C8-9FBC1AA937CE} = {8BC9BCE4-5CF6-4713-A22E-5D3249022CE1}
		{710DC07B-C6EF-4E6D-9760-9497E106EB7B} = {8BC9BCE4-5CF6-4713-A22E-5D3249022CE1}
		{3FF5123D-64E0-4588-BF2D-5D6FFE0C32BC} = {8BC9BCE4-5CF6-4713-A22E-5D3249022CE1}
		{77F7708F-CBA9-4A73-90A3-5F10D5F65EDC} = {3FF5123D-64E0-4588-BF2D-5D6FFE0C32BC}
		{6CB8586D-556D-40D2-9698-7B76DD1803A3} = {3FF5123D-64E0-4588-BF2D-5D6FFE0C32BC}
		{CD91B3FF-1947-4514-BB1A-02828A0AB13D} = {3FF5123D-64E0-4588-BF2D-5D6FFE0C32BC}
		{0CAE77A5-CF49-47EE-B9C5-823B67AD60F6} = {3FF5123D-64E0-4588-BF2D-5D6FFE0C32BC}
	EndGlobalSection
	GlobalSection(ExtensibilityGlobals) = postSolution
		SolutionGuid = {B254EAC4-8C82-4A52-AECA-03CB64F93272}
	EndGlobalSection
EndGlobal
